
Microsoft Visual Studio Solution File, Format Version 12.00
# Visual Studio Version 16
VisualStudioVersion = 16.0.30225.117
MinimumVisualStudioVersion = 10.0.40219.1
Project("{FAE04EC0-301F-11D3-BF4B-00C04F79EFBC}") = "ChubbOOOApi", "ChubbOOOApi.csproj", "{B31FF9BB-772C-4CE1-B8BB-9C86FF311B8C}"
EndProject
Global
	GlobalSection(SolutionConfigurationPlatforms) = preSolution
		Debug|Any CPU = Debug|Any CPU
		Release|Any CPU = Release|Any CPU
	EndGlobalSection
	GlobalSection(ProjectConfigurationPlatforms) = postSolution
		{B31FF9BB-772C-4CE1-B8BB-9C86FF311B8C}.Debug|Any CPU.ActiveCfg = Debug|Any CPU
		{B31FF9BB-772C-4CE1-B8BB-9C86FF311B8C}.Debug|Any CPU.Build.0 = Debug|Any CPU
		{B31FF9BB-772C-4CE1-B8BB-9C86FF311B8C}.Release|Any CPU.ActiveCfg = Release|Any CPU
		{B31FF9BB-772C-4CE1-B8BB-9C86FF311B8C}.Release|Any CPU.Build.0 = Release|Any CPU
	EndGlobalSection
	GlobalSection(SolutionProperties) = preSolution
		HideSolutionNode = FALSE
	EndGlobalSection
	GlobalSection(ExtensibilityGlobals) = postSolution
		SolutionGuid = {67AE5E13-5757-412D-B9D6-2925DECDF928}
	EndGlobalSection
EndGlobal
